
Microsoft Visual Studio Solution File, Format Version 12.00
# Visual Studio 14
VisualStudioVersion = 14.0.23107.0
MinimumVisualStudioVersion = 10.0.40219.1
Project("{FAE04EC0-301F-11D3-BF4B-00C04F79EFBC}") = "CapaPresentacionBonos", "CapaPresentacionBonos\CapaPresentacionBonos.csproj", "{DFA0324C-7E69-4CBE-B67F-7C0D24158BE6}"
EndProject
Project("{FAE04EC0-301F-11D3-BF4B-00C04F79EFBC}") = "CapaDatosBonos", "CapaDatosBonos\CapaDatosBonos.csproj", "{E9263E0F-EE00-43BB-8358-C3892B7380EE}"
EndProject
Project("{FAE04EC0-301F-11D3-BF4B-00C04F79EFBC}") = "CapaNegocioBonos", "CapaNegocioBonos\CapaNegocioBonos.csproj", "{24C7A45E-4B09-4F7D-BD0C-8AE9031A30F0}"
EndProject
Project("{FAE04EC0-301F-11D3-BF4B-00C04F79EFBC}") = "EntidadesBonos", "EntidadesBonos\EntidadesBonos.csproj", "{B4ECF1F3-72E4-4499-A846-FE63E530375E}"
EndProject
Global
	GlobalSection(SolutionConfigurationPlatforms) = preSolution
		Debug|Any CPU = Debug|Any CPU
		Release|Any CPU = Release|Any CPU
	EndGlobalSection
	GlobalSection(ProjectConfigurationPlatforms) = postSolution
		{DFA0324C-7E69-4CBE-B67F-7C0D24158BE6}.Debug|Any CPU.ActiveCfg = Debug|Any CPU
		{DFA0324C-7E69-4CBE-B67F-7C0D24158BE6}.Debug|Any CPU.Build.0 = Debug|Any CPU
		{DFA0324C-7E69-4CBE-B67F-7C0D24158BE6}.Release|Any CPU.ActiveCfg = Release|Any CPU
		{DFA0324C-7E69-4CBE-B67F-7C0D24158BE6}.Release|Any CPU.Build.0 = Release|Any CPU
		{E9263E0F-EE00-43BB-8358-C3892B7380EE}.Debug|Any CPU.ActiveCfg = Debug|Any CPU
		{E9263E0F-EE00-43BB-8358-C3892B7380EE}.Debug|Any CPU.Build.0 = Debug|Any CPU
		{E9263E0F-EE00-43BB-8358-C3892B7380EE}.Release|Any CPU.ActiveCfg = Release|Any CPU
		{E9263E0F-EE00-43BB-8358-C3892B7380EE}.Release|Any CPU.Build.0 = Release|Any CPU
		{24C7A45E-4B09-4F7D-BD0C-8AE9031A30F0}.Debug|Any CPU.ActiveCfg = Debug|Any CPU
		{24C7A45E-4B09-4F7D-BD0C-8AE9031A30F0}.Debug|Any CPU.Build.0 = Debug|Any CPU
		{24C7A45E-4B09-4F7D-BD0C-8AE9031A30F0}.Release|Any CPU.ActiveCfg = Release|Any CPU
		{24C7A45E-4B09-4F7D-BD0C-8AE9031A30F0}.Release|Any CPU.Build.0 = Release|Any CPU
		{B4ECF1F3-72E4-4499-A846-FE63E530375E}.Debug|Any CPU.ActiveCfg = Debug|Any CPU
		{B4ECF1F3-72E4-4499-A846-FE63E530375E}.Debug|Any CPU.Build.0 = Debug|Any CPU
		{B4ECF1F3-72E4-4499-A846-FE63E530375E}.Release|Any CPU.ActiveCfg = Release|Any CPU
		{B4ECF1F3-72E4-4499-A846-FE63E530375E}.Release|Any CPU.Build.0 = Release|Any CPU
	EndGlobalSection
	GlobalSection(SolutionProperties) = preSolution
		HideSolutionNode = FALSE
	EndGlobalSection
EndGlobal
